// !$*UTF8*$!
{
	archiveVersion = 1;
	classes = {
	};
	objectVersion = 46;
	objects = {

/* Begin PBXBuildFile section */
		02D779A38E2FE53B599E8542 /* Pods_iOS_Base.framework in Frameworks */ = {isa = PBXBuildFile; fileRef = 53593E89650B6FD22B897F79 /* Pods_iOS_Base.framework */; };
		5F0AA63E8E59CA3B94DC69A2 /* Pods_iOS_BaseUITests.framework in Frameworks */ = {isa = PBXBuildFile; fileRef = B9AC19D99D0969B97722487F /* Pods_iOS_BaseUITests.framework */; };
		766675A459DDC92975CF4C0D /* Pods_iOS_BaseTests.framework in Frameworks */ = {isa = PBXBuildFile; fileRef = 90CE6A4C662F22B97E4B13E5 /* Pods_iOS_BaseTests.framework */; };
		9B4E03731F4E9033000DC578 /* AppDelegate.swift in Sources */ = {isa = PBXBuildFile; fileRef = 9B4E03721F4E9033000DC578 /* AppDelegate.swift */; };
		9B4E03751F4E9033000DC578 /* ProductViewController.swift in Sources */ = {isa = PBXBuildFile; fileRef = 9B4E03741F4E9033000DC578 /* ProductViewController.swift */; };
		9B4E03781F4E9033000DC578 /* Main.storyboard in Resources */ = {isa = PBXBuildFile; fileRef = 9B4E03761F4E9033000DC578 /* Main.storyboard */; };
		9B4E037A1F4E9033000DC578 /* Assets.xcassets in Resources */ = {isa = PBXBuildFile; fileRef = 9B4E03791F4E9033000DC578 /* Assets.xcassets */; };
		9B4E037D1F4E9033000DC578 /* LaunchScreen.storyboard in Resources */ = {isa = PBXBuildFile; fileRef = 9B4E037B1F4E9033000DC578 /* LaunchScreen.storyboard */; };
		9B4E03881F4E9033000DC578 /* iOS_BaseTests.swift in Sources */ = {isa = PBXBuildFile; fileRef = 9B4E03871F4E9033000DC578 /* iOS_BaseTests.swift */; };
		9B4E03931F4E9033000DC578 /* iOS_BaseUITests.swift in Sources */ = {isa = PBXBuildFile; fileRef = 9B4E03921F4E9033000DC578 /* iOS_BaseUITests.swift */; };
		9B4E03A71F4E97F6000DC578 /* BaseViewController.swift in Sources */ = {isa = PBXBuildFile; fileRef = 9B4E03A61F4E97F6000DC578 /* BaseViewController.swift */; };
		9B4E03A91F4EB175000DC578 /* BaseTableViewController.swift in Sources */ = {isa = PBXBuildFile; fileRef = 9B4E03A81F4EB175000DC578 /* BaseTableViewController.swift */; };
		9B4E03AB1F4EB57E000DC578 /* Constant.swift in Sources */ = {isa = PBXBuildFile; fileRef = 9B4E03AA1F4EB57E000DC578 /* Constant.swift */; };
		9B4E03AD1F4EB628000DC578 /* APIManager.swift in Sources */ = {isa = PBXBuildFile; fileRef = 9B4E03AC1F4EB628000DC578 /* APIManager.swift */; };
		9B4E03AF1F4EB82A000DC578 /* DataManager.swift in Sources */ = {isa = PBXBuildFile; fileRef = 9B4E03AE1F4EB82A000DC578 /* DataManager.swift */; };
		9B4E03B11F4EB86C000DC578 /* UtilityManager.swift in Sources */ = {isa = PBXBuildFile; fileRef = 9B4E03B01F4EB86C000DC578 /* UtilityManager.swift */; };
		9B4E03B51F4EB936000DC578 /* User.swift in Sources */ = {isa = PBXBuildFile; fileRef = 9B4E03B41F4EB936000DC578 /* User.swift */; };
		9B4E03BB1F4EC4AB000DC578 /* UserService.swift in Sources */ = {isa = PBXBuildFile; fileRef = 9B4E03BA1F4EC4AB000DC578 /* UserService.swift */; };
		9B4E03BE1F4EE1FB000DC578 /* Product.swift in Sources */ = {isa = PBXBuildFile; fileRef = 9B4E03BD1F4EE1FB000DC578 /* Product.swift */; };
		9B4E03C01F4EE27C000DC578 /* ProductService.swift in Sources */ = {isa = PBXBuildFile; fileRef = 9B4E03BF1F4EE27C000DC578 /* ProductService.swift */; };
		9B4E03C21F4EE38C000DC578 /* ProductPresenter.swift in Sources */ = {isa = PBXBuildFile; fileRef = 9B4E03C11F4EE38C000DC578 /* ProductPresenter.swift */; };
/* End PBXBuildFile section */

/* Begin PBXContainerItemProxy section */
		9B4E03841F4E9033000DC578 /* PBXContainerItemProxy */ = {
			isa = PBXContainerItemProxy;
			containerPortal = 9B4E03671F4E9033000DC578 /* Project object */;
			proxyType = 1;
			remoteGlobalIDString = 9B4E036E1F4E9033000DC578;
			remoteInfo = "iOS-Base";
		};
		9B4E038F1F4E9033000DC578 /* PBXContainerItemProxy */ = {
			isa = PBXContainerItemProxy;
			containerPortal = 9B4E03671F4E9033000DC578 /* Project object */;
			proxyType = 1;
			remoteGlobalIDString = 9B4E036E1F4E9033000DC578;
			remoteInfo = "iOS-Base";
		};
/* End PBXContainerItemProxy section */

/* Begin PBXFileReference section */
		53593E89650B6FD22B897F79 /* Pods_iOS_Base.framework */ = {isa = PBXFileReference; explicitFileType = wrapper.framework; includeInIndex = 0; path = Pods_iOS_Base.framework; sourceTree = BUILT_PRODUCTS_DIR; };
		80B312CC35B43C293B9859CD /* Pods-iOS-BaseUITests.debug.xcconfig */ = {isa = PBXFileReference; includeInIndex = 1; lastKnownFileType = text.xcconfig; name = "Pods-iOS-BaseUITests.debug.xcconfig"; path = "Pods/Target Support Files/Pods-iOS-BaseUITests/Pods-iOS-BaseUITests.debug.xcconfig"; sourceTree = "<group>"; };
		90CE6A4C662F22B97E4B13E5 /* Pods_iOS_BaseTests.framework */ = {isa = PBXFileReference; explicitFileType = wrapper.framework; includeInIndex = 0; path = Pods_iOS_BaseTests.framework; sourceTree = BUILT_PRODUCTS_DIR; };
		9B4E036F1F4E9033000DC578 /* iOS-Base.app */ = {isa = PBXFileReference; explicitFileType = wrapper.application; includeInIndex = 0; path = "iOS-Base.app"; sourceTree = BUILT_PRODUCTS_DIR; };
		9B4E03721F4E9033000DC578 /* AppDelegate.swift */ = {isa = PBXFileReference; lastKnownFileType = sourcecode.swift; path = AppDelegate.swift; sourceTree = "<group>"; };
		9B4E03741F4E9033000DC578 /* ProductViewController.swift */ = {isa = PBXFileReference; lastKnownFileType = sourcecode.swift; path = ProductViewController.swift; sourceTree = "<group>"; };
		9B4E03771F4E9033000DC578 /* Base */ = {isa = PBXFileReference; lastKnownFileType = file.storyboard; name = Base; path = Base.lproj/Main.storyboard; sourceTree = "<group>"; };
		9B4E03791F4E9033000DC578 /* Assets.xcassets */ = {isa = PBXFileReference; lastKnownFileType = folder.assetcatalog; path = Assets.xcassets; sourceTree = "<group>"; };
		9B4E037C1F4E9033000DC578 /* Base */ = {isa = PBXFileReference; lastKnownFileType = file.storyboard; name = Base; path = Base.lproj/LaunchScreen.storyboard; sourceTree = "<group>"; };
		9B4E037E1F4E9033000DC578 /* Info.plist */ = {isa = PBXFileReference; lastKnownFileType = text.plist.xml; path = Info.plist; sourceTree = "<group>"; };
		9B4E03831F4E9033000DC578 /* iOS-BaseTests.xctest */ = {isa = PBXFileReference; explicitFileType = wrapper.cfbundle; includeInIndex = 0; path = "iOS-BaseTests.xctest"; sourceTree = BUILT_PRODUCTS_DIR; };
		9B4E03871F4E9033000DC578 /* iOS_BaseTests.swift */ = {isa = PBXFileReference; lastKnownFileType = sourcecode.swift; path = iOS_BaseTests.swift; sourceTree = "<group>"; };
		9B4E03891F4E9033000DC578 /* Info.plist */ = {isa = PBXFileReference; lastKnownFileType = text.plist.xml; path = Info.plist; sourceTree = "<group>"; };
		9B4E038E1F4E9033000DC578 /* iOS-BaseUITests.xctest */ = {isa = PBXFileReference; explicitFileType = wrapper.cfbundle; includeInIndex = 0; path = "iOS-BaseUITests.xctest"; sourceTree = BUILT_PRODUCTS_DIR; };
		9B4E03921F4E9033000DC578 /* iOS_BaseUITests.swift */ = {isa = PBXFileReference; lastKnownFileType = sourcecode.swift; path = iOS_BaseUITests.swift; sourceTree = "<group>"; };
		9B4E03941F4E9033000DC578 /* Info.plist */ = {isa = PBXFileReference; lastKnownFileType = text.plist.xml; path = Info.plist; sourceTree = "<group>"; };
		9B4E03A61F4E97F6000DC578 /* BaseViewController.swift */ = {isa = PBXFileReference; fileEncoding = 4; lastKnownFileType = sourcecode.swift; path = BaseViewController.swift; sourceTree = "<group>"; };
		9B4E03A81F4EB175000DC578 /* BaseTableViewController.swift */ = {isa = PBXFileReference; fileEncoding = 4; lastKnownFileType = sourcecode.swift; path = BaseTableViewController.swift; sourceTree = "<group>"; };
		9B4E03AA1F4EB57E000DC578 /* Constant.swift */ = {isa = PBXFileReference; fileEncoding = 4; lastKnownFileType = sourcecode.swift; path = Constant.swift; sourceTree = "<group>"; };
		9B4E03AC1F4EB628000DC578 /* APIManager.swift */ = {isa = PBXFileReference; fileEncoding = 4; lastKnownFileType = sourcecode.swift; path = APIManager.swift; sourceTree = "<group>"; };
		9B4E03AE1F4EB82A000DC578 /* DataManager.swift */ = {isa = PBXFileReference; fileEncoding = 4; lastKnownFileType = sourcecode.swift; path = DataManager.swift; sourceTree = "<group>"; };
		9B4E03B01F4EB86C000DC578 /* UtilityManager.swift */ = {isa = PBXFileReference; fileEncoding = 4; lastKnownFileType = sourcecode.swift; path = UtilityManager.swift; sourceTree = "<group>"; };
		9B4E03B41F4EB936000DC578 /* User.swift */ = {isa = PBXFileReference; fileEncoding = 4; lastKnownFileType = sourcecode.swift; path = User.swift; sourceTree = "<group>"; };
		9B4E03BA1F4EC4AB000DC578 /* UserService.swift */ = {isa = PBXFileReference; fileEncoding = 4; lastKnownFileType = sourcecode.swift; path = UserService.swift; sourceTree = "<group>"; };
		9B4E03BD1F4EE1FB000DC578 /* Product.swift */ = {isa = PBXFileReference; fileEncoding = 4; lastKnownFileType = sourcecode.swift; path = Product.swift; sourceTree = "<group>"; };
		9B4E03BF1F4EE27C000DC578 /* ProductService.swift */ = {isa = PBXFileReference; fileEncoding = 4; lastKnownFileType = sourcecode.swift; path = ProductService.swift; sourceTree = "<group>"; };
		9B4E03C11F4EE38C000DC578 /* ProductPresenter.swift */ = {isa = PBXFileReference; fileEncoding = 4; lastKnownFileType = sourcecode.swift; path = ProductPresenter.swift; sourceTree = "<group>"; };
		9D818A16083564E9A966A68A /* Pods-iOS-Base.debug.xcconfig */ = {isa = PBXFileReference; includeInIndex = 1; lastKnownFileType = text.xcconfig; name = "Pods-iOS-Base.debug.xcconfig"; path = "Pods/Target Support Files/Pods-iOS-Base/Pods-iOS-Base.debug.xcconfig"; sourceTree = "<group>"; };
		B9AC19D99D0969B97722487F /* Pods_iOS_BaseUITests.framework */ = {isa = PBXFileReference; explicitFileType = wrapper.framework; includeInIndex = 0; path = Pods_iOS_BaseUITests.framework; sourceTree = BUILT_PRODUCTS_DIR; };
		BECB762CD59BADDE32B9EEA2 /* Pods-iOS-BaseTests.debug.xcconfig */ = {isa = PBXFileReference; includeInIndex = 1; lastKnownFileType = text.xcconfig; name = "Pods-iOS-BaseTests.debug.xcconfig"; path = "Pods/Target Support Files/Pods-iOS-BaseTests/Pods-iOS-BaseTests.debug.xcconfig"; sourceTree = "<group>"; };
		C18C34929DA00794F9B82FFD /* Pods-iOS-Base.release.xcconfig */ = {isa = PBXFileReference; includeInIndex = 1; lastKnownFileType = text.xcconfig; name = "Pods-iOS-Base.release.xcconfig"; path = "Pods/Target Support Files/Pods-iOS-Base/Pods-iOS-Base.release.xcconfig"; sourceTree = "<group>"; };
		C2474DD95F1822E536AD3A78 /* Pods-iOS-BaseTests.release.xcconfig */ = {isa = PBXFileReference; includeInIndex = 1; lastKnownFileType = text.xcconfig; name = "Pods-iOS-BaseTests.release.xcconfig"; path = "Pods/Target Support Files/Pods-iOS-BaseTests/Pods-iOS-BaseTests.release.xcconfig"; sourceTree = "<group>"; };
		FBB3117C21364475321F1206 /* Pods-iOS-BaseUITests.release.xcconfig */ = {isa = PBXFileReference; includeInIndex = 1; lastKnownFileType = text.xcconfig; name = "Pods-iOS-BaseUITests.release.xcconfig"; path = "Pods/Target Support Files/Pods-iOS-BaseUITests/Pods-iOS-BaseUITests.release.xcconfig"; sourceTree = "<group>"; };
/* End PBXFileReference section */

/* Begin PBXFrameworksBuildPhase section */
		9B4E036C1F4E9033000DC578 /* Frameworks */ = {
			isa = PBXFrameworksBuildPhase;
			buildActionMask = 2147483647;
			files = (
				02D779A38E2FE53B599E8542 /* Pods_iOS_Base.framework in Frameworks */,
			);
			runOnlyForDeploymentPostprocessing = 0;
		};
		9B4E03801F4E9033000DC578 /* Frameworks */ = {
			isa = PBXFrameworksBuildPhase;
			buildActionMask = 2147483647;
			files = (
				766675A459DDC92975CF4C0D /* Pods_iOS_BaseTests.framework in Frameworks */,
			);
			runOnlyForDeploymentPostprocessing = 0;
		};
		9B4E038B1F4E9033000DC578 /* Frameworks */ = {
			isa = PBXFrameworksBuildPhase;
			buildActionMask = 2147483647;
			files = (
				5F0AA63E8E59CA3B94DC69A2 /* Pods_iOS_BaseUITests.framework in Frameworks */,
			);
			runOnlyForDeploymentPostprocessing = 0;
		};
/* End PBXFrameworksBuildPhase section */

/* Begin PBXGroup section */
		98AFEBA29CB0B13FB083110D /* Pods */ = {
			isa = PBXGroup;
			children = (
				9D818A16083564E9A966A68A /* Pods-iOS-Base.debug.xcconfig */,
				C18C34929DA00794F9B82FFD /* Pods-iOS-Base.release.xcconfig */,
				BECB762CD59BADDE32B9EEA2 /* Pods-iOS-BaseTests.debug.xcconfig */,
				C2474DD95F1822E536AD3A78 /* Pods-iOS-BaseTests.release.xcconfig */,
				80B312CC35B43C293B9859CD /* Pods-iOS-BaseUITests.debug.xcconfig */,
				FBB3117C21364475321F1206 /* Pods-iOS-BaseUITests.release.xcconfig */,
			);
			name = Pods;
			sourceTree = "<group>";
		};
		9B4E03661F4E9033000DC578 = {
			isa = PBXGroup;
			children = (
				9B4E03711F4E9033000DC578 /* iOS-Base */,
				9B4E03861F4E9033000DC578 /* iOS-BaseTests */,
				9B4E03911F4E9033000DC578 /* iOS-BaseUITests */,
				9B4E03701F4E9033000DC578 /* Products */,
				98AFEBA29CB0B13FB083110D /* Pods */,
				FE055C707F91E426CDC06E27 /* Frameworks */,
			);
			sourceTree = "<group>";
		};
		9B4E03701F4E9033000DC578 /* Products */ = {
			isa = PBXGroup;
			children = (
				9B4E036F1F4E9033000DC578 /* iOS-Base.app */,
				9B4E03831F4E9033000DC578 /* iOS-BaseTests.xctest */,
				9B4E038E1F4E9033000DC578 /* iOS-BaseUITests.xctest */,
			);
			name = Products;
			sourceTree = "<group>";
		};
		9B4E03711F4E9033000DC578 /* iOS-Base */ = {
			isa = PBXGroup;
			children = (
				9BAE71361F834B3400310148 /* MVP Example */,
				9B4E03A31F4E96D8000DC578 /* Model */,
				9B4E03A11F4E96C7000DC578 /* Manager */,
				9B4E03B21F4EB8FB000DC578 /* Resource */,
				9B4E03A01F4E96C1000DC578 /* Base */,
				9B4E03721F4E9033000DC578 /* AppDelegate.swift */,
				9B4E03791F4E9033000DC578 /* Assets.xcassets */,
				9B4E037B1F4E9033000DC578 /* LaunchScreen.storyboard */,
				9B4E037E1F4E9033000DC578 /* Info.plist */,
			);
			path = "iOS-Base";
			sourceTree = "<group>";
		};
		9B4E03861F4E9033000DC578 /* iOS-BaseTests */ = {
			isa = PBXGroup;
			children = (
				9B4E03871F4E9033000DC578 /* iOS_BaseTests.swift */,
				9B4E03891F4E9033000DC578 /* Info.plist */,
			);
			path = "iOS-BaseTests";
			sourceTree = "<group>";
		};
		9B4E03911F4E9033000DC578 /* iOS-BaseUITests */ = {
			isa = PBXGroup;
			children = (
				9B4E03921F4E9033000DC578 /* iOS_BaseUITests.swift */,
				9B4E03941F4E9033000DC578 /* Info.plist */,
			);
			path = "iOS-BaseUITests";
			sourceTree = "<group>";
		};
		9B4E03A01F4E96C1000DC578 /* Base */ = {
			isa = PBXGroup;
			children = (
				9B4E03A61F4E97F6000DC578 /* BaseViewController.swift */,
				9B4E03A81F4EB175000DC578 /* BaseTableViewController.swift */,
			);
			name = Base;
			sourceTree = "<group>";
		};
		9B4E03A11F4E96C7000DC578 /* Manager */ = {
			isa = PBXGroup;
			children = (
				9B4E03AA1F4EB57E000DC578 /* Constant.swift */,
				9B4E03AC1F4EB628000DC578 /* APIManager.swift */,
				9B4E03AE1F4EB82A000DC578 /* DataManager.swift */,
				9B4E03B01F4EB86C000DC578 /* UtilityManager.swift */,
			);
			name = Manager;
			sourceTree = "<group>";
		};
		9B4E03A31F4E96D8000DC578 /* Model */ = {
			isa = PBXGroup;
			children = (
				9B4E03B41F4EB936000DC578 /* User.swift */,
				9B4E03BD1F4EE1FB000DC578 /* Product.swift */,
			);
			name = Model;
			sourceTree = "<group>";
		};
		9B4E03B21F4EB8FB000DC578 /* Resource */ = {
			isa = PBXGroup;
			children = (
				9B4E03B31F4EB904000DC578 /* Font */,
			);
			name = Resource;
			sourceTree = "<group>";
		};
		9B4E03B31F4EB904000DC578 /* Font */ = {
			isa = PBXGroup;
			children = (
			);
			name = Font;
			sourceTree = "<group>";
		};
		9BAE71361F834B3400310148 /* MVP Example */ = {
			isa = PBXGroup;
			children = (
				9B4E03761F4E9033000DC578 /* Main.storyboard */,
				9B4E03741F4E9033000DC578 /* ProductViewController.swift */,
				9B4E03C11F4EE38C000DC578 /* ProductPresenter.swift */,
				9B4E03BF1F4EE27C000DC578 /* ProductService.swift */,
				9B4E03BA1F4EC4AB000DC578 /* UserService.swift */,
			);
			name = "MVP Example";
			sourceTree = "<group>";
		};
		FE055C707F91E426CDC06E27 /* Frameworks */ = {
			isa = PBXGroup;
			children = (
				53593E89650B6FD22B897F79 /* Pods_iOS_Base.framework */,
				90CE6A4C662F22B97E4B13E5 /* Pods_iOS_BaseTests.framework */,
				B9AC19D99D0969B97722487F /* Pods_iOS_BaseUITests.framework */,
			);
			name = Frameworks;
			sourceTree = "<group>";
		};
/* End PBXGroup section */

/* Begin PBXNativeTarget section */
		9B4E036E1F4E9033000DC578 /* iOS-Base */ = {
			isa = PBXNativeTarget;
			buildConfigurationList = 9B4E03971F4E9033000DC578 /* Build configuration list for PBXNativeTarget "iOS-Base" */;
			buildPhases = (
				39A2923AB6B7860922F17B50 /* [CP] Check Pods Manifest.lock */,
				9B4E036B1F4E9033000DC578 /* Sources */,
				9B4E036C1F4E9033000DC578 /* Frameworks */,
				9B4E036D1F4E9033000DC578 /* Resources */,
				712C22B31E40121EFBDA80EF /* [CP] Embed Pods Frameworks */,
				C4E67104F559AF1A134F3D8B /* [CP] Copy Pods Resources */,
			);
			buildRules = (
			);
			dependencies = (
			);
			name = "iOS-Base";
			productName = "iOS-Base";
			productReference = 9B4E036F1F4E9033000DC578 /* iOS-Base.app */;
			productType = "com.apple.product-type.application";
		};
		9B4E03821F4E9033000DC578 /* iOS-BaseTests */ = {
			isa = PBXNativeTarget;
			buildConfigurationList = 9B4E039A1F4E9033000DC578 /* Build configuration list for PBXNativeTarget "iOS-BaseTests" */;
			buildPhases = (
				67189F6A713ECCC8A362484D /* [CP] Check Pods Manifest.lock */,
				9B4E037F1F4E9033000DC578 /* Sources */,
				9B4E03801F4E9033000DC578 /* Frameworks */,
				9B4E03811F4E9033000DC578 /* Resources */,
				61F43185CB6AA05CB8567976 /* [CP] Embed Pods Frameworks */,
				1AC7B940B59ACC5E51923467 /* [CP] Copy Pods Resources */,
			);
			buildRules = (
			);
			dependencies = (
				9B4E03851F4E9033000DC578 /* PBXTargetDependency */,
			);
			name = "iOS-BaseTests";
			productName = "iOS-BaseTests";
			productReference = 9B4E03831F4E9033000DC578 /* iOS-BaseTests.xctest */;
			productType = "com.apple.product-type.bundle.unit-test";
		};
		9B4E038D1F4E9033000DC578 /* iOS-BaseUITests */ = {
			isa = PBXNativeTarget;
			buildConfigurationList = 9B4E039D1F4E9033000DC578 /* Build configuration list for PBXNativeTarget "iOS-BaseUITests" */;
			buildPhases = (
				FF8A250D7A2BFACDB5EAAF02 /* [CP] Check Pods Manifest.lock */,
				9B4E038A1F4E9033000DC578 /* Sources */,
				9B4E038B1F4E9033000DC578 /* Frameworks */,
				9B4E038C1F4E9033000DC578 /* Resources */,
				703CCF63E9B7B5FCA4E6954E /* [CP] Embed Pods Frameworks */,
				83A99781FB0643BADAD15B1B /* [CP] Copy Pods Resources */,
			);
			buildRules = (
			);
			dependencies = (
				9B4E03901F4E9033000DC578 /* PBXTargetDependency */,
			);
			name = "iOS-BaseUITests";
			productName = "iOS-BaseUITests";
			productReference = 9B4E038E1F4E9033000DC578 /* iOS-BaseUITests.xctest */;
			productType = "com.apple.product-type.bundle.ui-testing";
		};
/* End PBXNativeTarget section */

/* Begin PBXProject section */
		9B4E03671F4E9033000DC578 /* Project object */ = {
			isa = PBXProject;
			attributes = {
				LastSwiftUpdateCheck = 0820;
				LastUpgradeCheck = 0820;
				ORGANIZATIONNAME = "Lutfi Azhar";
				TargetAttributes = {
					9B4E036E1F4E9033000DC578 = {
						CreatedOnToolsVersion = 8.2;
						ProvisioningStyle = Automatic;
					};
					9B4E03821F4E9033000DC578 = {
						CreatedOnToolsVersion = 8.2;
						ProvisioningStyle = Automatic;
						TestTargetID = 9B4E036E1F4E9033000DC578;
					};
					9B4E038D1F4E9033000DC578 = {
						CreatedOnToolsVersion = 8.2;
						ProvisioningStyle = Automatic;
						TestTargetID = 9B4E036E1F4E9033000DC578;
					};
				};
			};
			buildConfigurationList = 9B4E036A1F4E9033000DC578 /* Build configuration list for PBXProject "iOS-Base" */;
			compatibilityVersion = "Xcode 3.2";
			developmentRegion = English;
			hasScannedForEncodings = 0;
			knownRegions = (
				en,
				Base,
			);
			mainGroup = 9B4E03661F4E9033000DC578;
			productRefGroup = 9B4E03701F4E9033000DC578 /* Products */;
			projectDirPath = "";
			projectRoot = "";
			targets = (
				9B4E036E1F4E9033000DC578 /* iOS-Base */,
				9B4E03821F4E9033000DC578 /* iOS-BaseTests */,
				9B4E038D1F4E9033000DC578 /* iOS-BaseUITests */,
			);
		};
/* End PBXProject section */

/* Begin PBXResourcesBuildPhase section */
		9B4E036D1F4E9033000DC578 /* Resources */ = {
			isa = PBXResourcesBuildPhase;
			buildActionMask = 2147483647;
			files = (
				9B4E037D1F4E9033000DC578 /* LaunchScreen.storyboard in Resources */,
				9B4E037A1F4E9033000DC578 /* Assets.xcassets in Resources */,
				9B4E03781F4E9033000DC578 /* Main.storyboard in Resources */,
			);
			runOnlyForDeploymentPostprocessing = 0;
		};
		9B4E03811F4E9033000DC578 /* Resources */ = {
			isa = PBXResourcesBuildPhase;
			buildActionMask = 2147483647;
			files = (
			);
			runOnlyForDeploymentPostprocessing = 0;
		};
		9B4E038C1F4E9033000DC578 /* Resources */ = {
			isa = PBXResourcesBuildPhase;
			buildActionMask = 2147483647;
			files = (
			);
			runOnlyForDeploymentPostprocessing = 0;
		};
/* End PBXResourcesBuildPhase section */

/* Begin PBXShellScriptBuildPhase section */
		1AC7B940B59ACC5E51923467 /* [CP] Copy Pods Resources */ = {
			isa = PBXShellScriptBuildPhase;
			buildActionMask = 2147483647;
			files = (
			);
			inputPaths = (
			);
			name = "[CP] Copy Pods Resources";
			outputPaths = (
			);
			runOnlyForDeploymentPostprocessing = 0;
			shellPath = /bin/sh;
			shellScript = "\"${SRCROOT}/Pods/Target Support Files/Pods-iOS-BaseTests/Pods-iOS-BaseTests-resources.sh\"\n";
			showEnvVarsInLog = 0;
		};
		39A2923AB6B7860922F17B50 /* [CP] Check Pods Manifest.lock */ = {
			isa = PBXShellScriptBuildPhase;
			buildActionMask = 2147483647;
			files = (
			);
			inputPaths = (
			);
			name = "[CP] Check Pods Manifest.lock";
			outputPaths = (
			);
			runOnlyForDeploymentPostprocessing = 0;
			shellPath = /bin/sh;
			shellScript = "diff \"${PODS_PODFILE_DIR_PATH}/Podfile.lock\" \"${PODS_ROOT}/Manifest.lock\" > /dev/null\nif [ $? != 0 ] ; then\n    # print error to STDERR\n    echo \"error: The sandbox is not in sync with the Podfile.lock. Run 'pod install' or update your CocoaPods installation.\" >&2\n    exit 1\nfi\n";
			showEnvVarsInLog = 0;
		};
		61F43185CB6AA05CB8567976 /* [CP] Embed Pods Frameworks */ = {
			isa = PBXShellScriptBuildPhase;
			buildActionMask = 2147483647;
			files = (
			);
			inputPaths = (
			);
			name = "[CP] Embed Pods Frameworks";
			outputPaths = (
			);
			runOnlyForDeploymentPostprocessing = 0;
			shellPath = /bin/sh;
			shellScript = "\"${SRCROOT}/Pods/Target Support Files/Pods-iOS-BaseTests/Pods-iOS-BaseTests-frameworks.sh\"\n";
			showEnvVarsInLog = 0;
		};
		67189F6A713ECCC8A362484D /* [CP] Check Pods Manifest.lock */ = {
			isa = PBXShellScriptBuildPhase;
			buildActionMask = 2147483647;
			files = (
			);
			inputPaths = (
			);
			name = "[CP] Check Pods Manifest.lock";
			outputPaths = (
			);
			runOnlyForDeploymentPostprocessing = 0;
			shellPath = /bin/sh;
			shellScript = "diff \"${PODS_PODFILE_DIR_PATH}/Podfile.lock\" \"${PODS_ROOT}/Manifest.lock\" > /dev/null\nif [ $? != 0 ] ; then\n    # print error to STDERR\n    echo \"error: The sandbox is not in sync with the Podfile.lock. Run 'pod install' or update your CocoaPods installation.\" >&2\n    exit 1\nfi\n";
			showEnvVarsInLog = 0;
		};
		703CCF63E9B7B5FCA4E6954E /* [CP] Embed Pods Frameworks */ = {
			isa = PBXShellScriptBuildPhase;
			buildActionMask = 2147483647;
			files = (
			);
			inputPaths = (
			);
			name = "[CP] Embed Pods Frameworks";
			outputPaths = (
			);
			runOnlyForDeploymentPostprocessing = 0;
			shellPath = /bin/sh;
			shellScript = "\"${SRCROOT}/Pods/Target Support Files/Pods-iOS-BaseUITests/Pods-iOS-BaseUITests-frameworks.sh\"\n";
			showEnvVarsInLog = 0;
		};
		712C22B31E40121EFBDA80EF /* [CP] Embed Pods Frameworks */ = {
			isa = PBXShellScriptBuildPhase;
			buildActionMask = 2147483647;
			files = (
			);
			inputPaths = (
			);
			name = "[CP] Embed Pods Frameworks";
			outputPaths = (
			);
			runOnlyForDeploymentPostprocessing = 0;
			shellPath = /bin/sh;
			shellScript = "\"${SRCROOT}/Pods/Target Support Files/Pods-iOS-Base/Pods-iOS-Base-frameworks.sh\"\n";
			showEnvVarsInLog = 0;
		};
		83A99781FB0643BADAD15B1B /* [CP] Copy Pods Resources */ = {
			isa = PBXShellScriptBuildPhase;
			buildActionMask = 2147483647;
			files = (
			);
			inputPaths = (
			);
			name = "[CP] Copy Pods Resources";
			outputPaths = (
			);
			runOnlyForDeploymentPostprocessing = 0;
			shellPath = /bin/sh;
			shellScript = "\"${SRCROOT}/Pods/Target Support Files/Pods-iOS-BaseUITests/Pods-iOS-BaseUITests-resources.sh\"\n";
			showEnvVarsInLog = 0;
		};
		C4E67104F559AF1A134F3D8B /* [CP] Copy Pods Resources */ = {
			isa = PBXShellScriptBuildPhase;
			buildActionMask = 2147483647;
			files = (
			);
			inputPaths = (
			);
			name = "[CP] Copy Pods Resources";
			outputPaths = (
			);
			runOnlyForDeploymentPostprocessing = 0;
			shellPath = /bin/sh;
			shellScript = "\"${SRCROOT}/Pods/Target Support Files/Pods-iOS-Base/Pods-iOS-Base-resources.sh\"\n";
			showEnvVarsInLog = 0;
		};
		FF8A250D7A2BFACDB5EAAF02 /* [CP] Check Pods Manifest.lock */ = {
			isa = PBXShellScriptBuildPhase;
			buildActionMask = 2147483647;
			files = (
			);
			inputPaths = (
			);
			name = "[CP] Check Pods Manifest.lock";
			outputPaths = (
			);
			runOnlyForDeploymentPostprocessing = 0;
			shellPath = /bin/sh;
			shellScript = "diff \"${PODS_PODFILE_DIR_PATH}/Podfile.lock\" \"${PODS_ROOT}/Manifest.lock\" > /dev/null\nif [ $? != 0 ] ; then\n    # print error to STDERR\n    echo \"error: The sandbox is not in sync with the Podfile.lock. Run 'pod install' or update your CocoaPods installation.\" >&2\n    exit 1\nfi\n";
			showEnvVarsInLog = 0;
		};
/* End PBXShellScriptBuildPhase section */

/* Begin PBXSourcesBuildPhase section */
		9B4E036B1F4E9033000DC578 /* Sources */ = {
			isa = PBXSourcesBuildPhase;
			buildActionMask = 2147483647;
			files = (
				9B4E03AD1F4EB628000DC578 /* APIManager.swift in Sources */,
				9B4E03751F4E9033000DC578 /* ProductViewController.swift in Sources */,
				9B4E03731F4E9033000DC578 /* AppDelegate.swift in Sources */,
				9B4E03AF1F4EB82A000DC578 /* DataManager.swift in Sources */,
				9B4E03BE1F4EE1FB000DC578 /* Product.swift in Sources */,
				9B4E03C21F4EE38C000DC578 /* ProductPresenter.swift in Sources */,
				9B4E03C01F4EE27C000DC578 /* ProductService.swift in Sources */,
				9B4E03AB1F4EB57E000DC578 /* Constant.swift in Sources */,
				9B4E03BB1F4EC4AB000DC578 /* UserService.swift in Sources */,
				9B4E03B51F4EB936000DC578 /* User.swift in Sources */,
				9B4E03A91F4EB175000DC578 /* BaseTableViewController.swift in Sources */,
				9B4E03B11F4EB86C000DC578 /* UtilityManager.swift in Sources */,
				9B4E03A71F4E97F6000DC578 /* BaseViewController.swift in Sources */,
			);
			runOnlyForDeploymentPostprocessing = 0;
		};
		9B4E037F1F4E9033000DC578 /* Sources */ = {
			isa = PBXSourcesBuildPhase;
			buildActionMask = 2147483647;
			files = (
				9B4E03881F4E9033000DC578 /* iOS_BaseTests.swift in Sources */,
			);
			runOnlyForDeploymentPostprocessing = 0;
		};
		9B4E038A1F4E9033000DC578 /* Sources */ = {
			isa = PBXSourcesBuildPhase;
			buildActionMask = 2147483647;
			files = (
				9B4E03931F4E9033000DC578 /* iOS_BaseUITests.swift in Sources */,
			);
			runOnlyForDeploymentPostprocessing = 0;
		};
/* End PBXSourcesBuildPhase section */

/* Begin PBXTargetDependency section */
		9B4E03851F4E9033000DC578 /* PBXTargetDependency */ = {
			isa = PBXTargetDependency;
			target = 9B4E036E1F4E9033000DC578 /* iOS-Base */;
			targetProxy = 9B4E03841F4E9033000DC578 /* PBXContainerItemProxy */;
		};
		9B4E03901F4E9033000DC578 /* PBXTargetDependency */ = {
			isa = PBXTargetDependency;
			target = 9B4E036E1F4E9033000DC578 /* iOS-Base */;
			targetProxy = 9B4E038F1F4E9033000DC578 /* PBXContainerItemProxy */;
		};
/* End PBXTargetDependency section */

/* Begin PBXVariantGroup section */
		9B4E03761F4E9033000DC578 /* Main.storyboard */ = {
			isa = PBXVariantGroup;
			children = (
				9B4E03771F4E9033000DC578 /* Base */,
			);
			name = Main.storyboard;
			sourceTree = "<group>";
		};
		9B4E037B1F4E9033000DC578 /* LaunchScreen.storyboard */ = {
			isa = PBXVariantGroup;
			children = (
				9B4E037C1F4E9033000DC578 /* Base */,
			);
			name = LaunchScreen.storyboard;
			sourceTree = "<group>";
		};
/* End PBXVariantGroup section */

/* Begin XCBuildConfiguration section */
		9B4E03951F4E9033000DC578 /* Debug */ = {
			isa = XCBuildConfiguration;
			buildSettings = {
				ALWAYS_SEARCH_USER_PATHS = NO;
				CLANG_ANALYZER_NONNULL = YES;
				CLANG_CXX_LANGUAGE_STANDARD = "gnu++0x";
				CLANG_CXX_LIBRARY = "libc++";
				CLANG_ENABLE_MODULES = YES;
				CLANG_ENABLE_OBJC_ARC = YES;
				CLANG_WARN_BOOL_CONVERSION = YES;
				CLANG_WARN_CONSTANT_CONVERSION = YES;
				CLANG_WARN_DIRECT_OBJC_ISA_USAGE = YES_ERROR;
				CLANG_WARN_DOCUMENTATION_COMMENTS = YES;
				CLANG_WARN_EMPTY_BODY = YES;
				CLANG_WARN_ENUM_CONVERSION = YES;
				CLANG_WARN_INFINITE_RECURSION = YES;
				CLANG_WARN_INT_CONVERSION = YES;
				CLANG_WARN_OBJC_ROOT_CLASS = YES_ERROR;
				CLANG_WARN_SUSPICIOUS_MOVE = YES;
				CLANG_WARN_UNREACHABLE_CODE = YES;
				CLANG_WARN__DUPLICATE_METHOD_MATCH = YES;
				"CODE_SIGN_IDENTITY[sdk=iphoneos*]" = "iPhone Developer";
				COPY_PHASE_STRIP = NO;
				DEBUG_INFORMATION_FORMAT = dwarf;
				ENABLE_STRICT_OBJC_MSGSEND = YES;
				ENABLE_TESTABILITY = YES;
				GCC_C_LANGUAGE_STANDARD = gnu99;
				GCC_DYNAMIC_NO_PIC = NO;
				GCC_NO_COMMON_BLOCKS = YES;
				GCC_OPTIMIZATION_LEVEL = 0;
				GCC_PREPROCESSOR_DEFINITIONS = (
					"DEBUG=1",
					"$(inherited)",
				);
				GCC_WARN_64_TO_32_BIT_CONVERSION = YES;
				GCC_WARN_ABOUT_RETURN_TYPE = YES_ERROR;
				GCC_WARN_UNDECLARED_SELECTOR = YES;
				GCC_WARN_UNINITIALIZED_AUTOS = YES_AGGRESSIVE;
				GCC_WARN_UNUSED_FUNCTION = YES;
				GCC_WARN_UNUSED_VARIABLE = YES;
				IPHONEOS_DEPLOYMENT_TARGET = 10.2;
				MTL_ENABLE_DEBUG_INFO = YES;
				ONLY_ACTIVE_ARCH = YES;
				SDKROOT = iphoneos;
				SWIFT_ACTIVE_COMPILATION_CONDITIONS = DEBUG;
				SWIFT_OPTIMIZATION_LEVEL = "-Onone";
				TARGETED_DEVICE_FAMILY = "1,2";
			};
			name = Debug;
		};
		9B4E03961F4E9033000DC578 /* Release */ = {
			isa = XCBuildConfiguration;
			buildSettings = {
				ALWAYS_SEARCH_USER_PATHS = NO;
				CLANG_ANALYZER_NONNULL = YES;
				CLANG_CXX_LANGUAGE_STANDARD = "gnu++0x";
				CLANG_CXX_LIBRARY = "libc++";
				CLANG_ENABLE_MODULES = YES;
				CLANG_ENABLE_OBJC_ARC = YES;
				CLANG_WARN_BOOL_CONVERSION = YES;
				CLANG_WARN_CONSTANT_CONVERSION = YES;
				CLANG_WARN_DIRECT_OBJC_ISA_USAGE = YES_ERROR;
				CLANG_WARN_DOCUMENTATION_COMMENTS = YES;
				CLANG_WARN_EMPTY_BODY = YES;
				CLANG_WARN_ENUM_CONVERSION = YES;
				CLANG_WARN_INFINITE_RECURSION = YES;
				CLANG_WARN_INT_CONVERSION = YES;
				CLANG_WARN_OBJC_ROOT_CLASS = YES_ERROR;
				CLANG_WARN_SUSPICIOUS_MOVE = YES;
				CLANG_WARN_UNREACHABLE_CODE = YES;
				CLANG_WARN__DUPLICATE_METHOD_MATCH = YES;
				"CODE_SIGN_IDENTITY[sdk=iphoneos*]" = "iPhone Developer";
				COPY_PHASE_STRIP = NO;
				DEBUG_INFORMATION_FORMAT = "dwarf-with-dsym";
				ENABLE_NS_ASSERTIONS = NO;
				ENABLE_STRICT_OBJC_MSGSEND = YES;
				GCC_C_LANGUAGE_STANDARD = gnu99;
				GCC_NO_COMMON_BLOCKS = YES;
				GCC_WARN_64_TO_32_BIT_CONVERSION = YES;
				GCC_WARN_ABOUT_RETURN_TYPE = YES_ERROR;
				GCC_WARN_UNDECLARED_SELECTOR = YES;
				GCC_WARN_UNINITIALIZED_AUTOS = YES_AGGRESSIVE;
				GCC_WARN_UNUSED_FUNCTION = YES;
				GCC_WARN_UNUSED_VARIABLE = YES;
				IPHONEOS_DEPLOYMENT_TARGET = 10.2;
				MTL_ENABLE_DEBUG_INFO = NO;
				SDKROOT = iphoneos;
				SWIFT_OPTIMIZATION_LEVEL = "-Owholemodule";
				TARGETED_DEVICE_FAMILY = "1,2";
				VALIDATE_PRODUCT = YES;
			};
			name = Release;
		};
		9B4E03981F4E9033000DC578 /* Debug */ = {
			isa = XCBuildConfiguration;
			baseConfigurationReference = 9D818A16083564E9A966A68A /* Pods-iOS-Base.debug.xcconfig */;
			buildSettings = {
				ASSETCATALOG_COMPILER_APPICON_NAME = AppIcon;
				INFOPLIST_FILE = "iOS-Base/Info.plist";
				IPHONEOS_DEPLOYMENT_TARGET = 9.0;
				LD_RUNPATH_SEARCH_PATHS = "$(inherited) @executable_path/Frameworks";
				PRODUCT_BUNDLE_IDENTIFIER = "com.clappingape.iOS-Base";
				PRODUCT_NAME = "$(TARGET_NAME)";
				SWIFT_VERSION = 3.0;
			};
			name = Debug;
		};
		9B4E03991F4E9033000DC578 /* Release */ = {
			isa = XCBuildConfiguration;
			baseConfigurationReference = C18C34929DA00794F9B82FFD /* Pods-iOS-Base.release.xcconfig */;
			buildSettings = {
				ASSETCATALOG_COMPILER_APPICON_NAME = AppIcon;
				INFOPLIST_FILE = "iOS-Base/Info.plist";
				IPHONEOS_DEPLOYMENT_TARGET = 9.0;
				LD_RUNPATH_SEARCH_PATHS = "$(inherited) @executable_path/Frameworks";
				PRODUCT_BUNDLE_IDENTIFIER = "com.clappingape.iOS-Base";
				PRODUCT_NAME = "$(TARGET_NAME)";
				SWIFT_VERSION = 3.0;
			};
			name = Release;
		};
		9B4E039B1F4E9033000DC578 /* Debug */ = {
			isa = XCBuildConfiguration;
			baseConfigurationReference = BECB762CD59BADDE32B9EEA2 /* Pods-iOS-BaseTests.debug.xcconfig */;
			buildSettings = {
				ALWAYS_EMBED_SWIFT_STANDARD_LIBRARIES = YES;
				BUNDLE_LOADER = "$(TEST_HOST)";
				INFOPLIST_FILE = "iOS-BaseTests/Info.plist";
				LD_RUNPATH_SEARCH_PATHS = "$(inherited) @executable_path/Frameworks @loader_path/Frameworks";
				PRODUCT_BUNDLE_IDENTIFIER = "com.clappingape.iOS-BaseTests";
				PRODUCT_NAME = "$(TARGET_NAME)";
				SWIFT_VERSION = 3.0;
				TEST_HOST = "$(BUILT_PRODUCTS_DIR)/iOS-Base.app/iOS-Base";
			};
			name = Debug;
		};
		9B4E039C1F4E9033000DC578 /* Release */ = {
			isa = XCBuildConfiguration;
			baseConfigurationReference = C2474DD95F1822E536AD3A78 /* Pods-iOS-BaseTests.release.xcconfig */;
			buildSettings = {
				ALWAYS_EMBED_SWIFT_STANDARD_LIBRARIES = YES;
				BUNDLE_LOADER = "$(TEST_HOST)";
				INFOPLIST_FILE = "iOS-BaseTests/Info.plist";
				LD_RUNPATH_SEARCH_PATHS = "$(inherited) @executable_path/Frameworks @loader_path/Frameworks";
				PRODUCT_BUNDLE_IDENTIFIER = "com.clappingape.iOS-BaseTests";
				PRODUCT_NAME = "$(TARGET_NAME)";
				SWIFT_VERSION = 3.0;
				TEST_HOST = "$(BUILT_PRODUCTS_DIR)/iOS-Base.app/iOS-Base";
			};
			name = Release;
		};
		9B4E039E1F4E9033000DC578 /* Debug */ = {
			isa = XCBuildConfiguration;
			baseConfigurationReference = 80B312CC35B43C293B9859CD /* Pods-iOS-BaseUITests.debug.xcconfig */;
			buildSettings = {
				ALWAYS_EMBED_SWIFT_STANDARD_LIBRARIES = YES;
				INFOPLIST_FILE = "iOS-BaseUITests/Info.plist";
				LD_RUNPATH_SEARCH_PATHS = "$(inherited) @executable_path/Frameworks @loader_path/Frameworks";
				PRODUCT_BUNDLE_IDENTIFIER = "com.clappingape.iOS-BaseUITests";
				PRODUCT_NAME = "$(TARGET_NAME)";
				SWIFT_VERSION = 3.0;
				TEST_TARGET_NAME = "iOS-Base";
			};
			name = Debug;
		};
		9B4E039F1F4E9033000DC578 /* Release */ = {
			isa = XCBuildConfiguration;
			baseConfigurationReference = FBB3117C21364475321F1206 /* Pods-iOS-BaseUITests.release.xcconfig */;
			buildSettings = {
				ALWAYS_EMBED_SWIFT_STANDARD_LIBRARIES = YES;
				INFOPLIST_FILE = "iOS-BaseUITests/Info.plist";
				LD_RUNPATH_SEARCH_PATHS = "$(inherited) @executable_path/Frameworks @loader_path/Frameworks";
				PRODUCT_BUNDLE_IDENTIFIER = "com.clappingape.iOS-BaseUITests";
				PRODUCT_NAME = "$(TARGET_NAME)";
				SWIFT_VERSION = 3.0;
				TEST_TARGET_NAME = "iOS-Base";
			};
			name = Release;
		};
/* End XCBuildConfiguration section */

/* Begin XCConfigurationList section */
		9B4E036A1F4E9033000DC578 /* Build configuration list for PBXProject "iOS-Base" */ = {
			isa = XCConfigurationList;
			buildConfigurations = (
				9B4E03951F4E9033000DC578 /* Debug */,
				9B4E03961F4E9033000DC578 /* Release */,
			);
			defaultConfigurationIsVisible = 0;
			defaultConfigurationName = Release;
		};
		9B4E03971F4E9033000DC578 /* Build configuration list for PBXNativeTarget "iOS-Base" */ = {
			isa = XCConfigurationList;
			buildConfigurations = (
				9B4E03981F4E9033000DC578 /* Debug */,
				9B4E03991F4E9033000DC578 /* Release */,
			);
			defaultConfigurationIsVisible = 0;
			defaultConfigurationName = Release;
		};
		9B4E039A1F4E9033000DC578 /* Build configuration list for PBXNativeTarget "iOS-BaseTests" */ = {
			isa = XCConfigurationList;
			buildConfigurations = (
				9B4E039B1F4E9033000DC578 /* Debug */,
				9B4E039C1F4E9033000DC578 /* Release */,
			);
			defaultConfigurationIsVisible = 0;
			defaultConfigurationName = Release;
		};
		9B4E039D1F4E9033000DC578 /* Build configuration list for PBXNativeTarget "iOS-BaseUITests" */ = {
			isa = XCConfigurationList;
			buildConfigurations = (
				9B4E039E1F4E9033000DC578 /* Debug */,
				9B4E039F1F4E9033000DC578 /* Release */,
			);
			defaultConfigurationIsVisible = 0;
			defaultConfigurationName = Release;
		};
/* End XCConfigurationList section */
	};
	rootObject = 9B4E03671F4E9033000DC578 /* Project object */;
}
